
Microsoft Visual Studio Solution File, Format Version 12.00
# Visual Studio Version 16
VisualStudioVersion = 16.0.31320.298
MinimumVisualStudioVersion = 10.0.40219.1
Project("{9A19103F-16F7-4668-BE54-9A1E7A4F7556}") = "MyApp", "MyApp\MyApp.csproj", "{5F817400-1A3A-48DF-98A6-E7E5A3DC762F}"
EndProject
Project("{9A19103F-16F7-4668-BE54-9A1E7A4F7556}") = "MyApp.ServiceInterface", "MyApp.ServiceInterface\MyApp.ServiceInterface.csproj", "{5B8FFF01-1E0B-477D-9D7F-93016C128B23}"
EndProject
Project("{9A19103F-16F7-4668-BE54-9A1E7A4F7556}") = "MyApp.ServiceModel", "MyApp.ServiceModel\MyApp.ServiceModel.csproj", "{0127B6CA-1B79-46A6-8307-B36836D107F0}"
EndProject
Project("{9A19103F-16F7-4668-BE54-9A1E7A4F7556}") = "MyApp.Tests", "MyApp.Tests\MyApp.Tests.csproj", "{455EC1EF-134F-4CD4-9C78-E813E4E6D8F6}"
EndProject
Project("{9A19103F-16F7-4668-BE54-9A1E7A4F7556}") = "ServiceStack.Source", "..\ServiceStack\src\ServiceStack\ServiceStack.Source.csproj", "{31A628F0-4FF4-4059-BF42-242C075F7821}"
EndProject
Project("{9A19103F-16F7-4668-BE54-9A1E7A4F7556}") = "ServiceStack.Server.Source", "..\ServiceStack\src\ServiceStack.Server\ServiceStack.Server.Source.csproj", "{7D3A8DE2-6E10-4EE2-98DB-7A5829F93449}"
EndProject
Project("{9A19103F-16F7-4668-BE54-9A1E7A4F7556}") = "ServiceStack.OrmLite.Source", "..\ServiceStack.OrmLite\src\ServiceStack.OrmLite\ServiceStack.OrmLite.Source.csproj", "{8CBA1D12-2BEF-4E87-90E7-8C6E3A77D391}"
EndProject
Project("{9A19103F-16F7-4668-BE54-9A1E7A4F7556}") = "ServiceStack.OrmLite.Sqlite.Source", "..\ServiceStack.OrmLite\src\ServiceStack.OrmLite.Sqlite\ServiceStack.OrmLite.Sqlite.Source.csproj", "{00F6FB86-0B89-466B-B43A-6A5289EA8BC6}"
EndProject
Project("{9A19103F-16F7-4668-BE54-9A1E7A4F7556}") = "ServiceStack.Interfaces", "..\ServiceStack\src\ServiceStack.Interfaces\ServiceStack.Interfaces.csproj", "{A2D0C3F4-5597-4E87-A8F4-8222DDCFCD3C}"
EndProject
Project("{9A19103F-16F7-4668-BE54-9A1E7A4F7556}") = "ServiceStack.Common.Source", "..\ServiceStack\src\ServiceStack.Common\ServiceStack.Common.Source.csproj", "{C5BC6E18-BB7E-4526-A47A-39F0E226DBAC}"
EndProject
Project("{2150E333-8FDC-42A3-9474-1A3956D46DE8}") = "ServiceStack Source", "ServiceStack Source", "{4C3C8170-9BC2-47CC-AF2D-219DBF99EEF2}"
EndProject
Project("{9A19103F-16F7-4668-BE54-9A1E7A4F7556}") = "ServiceStack.Client.Source", "..\ServiceStack\src\ServiceStack.Client\ServiceStack.Client.Source.csproj", "{8B4EDDA7-CDDE-40E5-BF0B-0E35DBDA9F10}"
EndProject
Project("{9A19103F-16F7-4668-BE54-9A1E7A4F7556}") = "ServiceStack.Text", "..\ServiceStack.Text\src\ServiceStack.Text\ServiceStack.Text.csproj", "{54DC233C-5D77-4183-804A-CEA44A19135F}"
EndProject
Project("{9A19103F-16F7-4668-BE54-9A1E7A4F7556}") = "ServiceStack.Redis.Source", "..\ServiceStack.Redis\src\ServiceStack.Redis\ServiceStack.Redis.Source.csproj", "{C915254D-C791-4EF3-A856-2B1B8D7BB99E}"
EndProject
Project("{9A19103F-16F7-4668-BE54-9A1E7A4F7556}") = "ServiceStack.Kestrel.Source", "..\ServiceStack\src\ServiceStack.Kestrel\ServiceStack.Kestrel.Source.csproj", "{1CCDF4D1-2FB4-4A86-890F-25401836017D}"
EndProject
Global
	GlobalSection(SolutionConfigurationPlatforms) = preSolution
		Debug|Any CPU = Debug|Any CPU
		Release|Any CPU = Release|Any CPU
	EndGlobalSection
	GlobalSection(ProjectConfigurationPlatforms) = postSolution
		{5F817400-1A3A-48DF-98A6-E7E5A3DC762F}.Debug|Any CPU.ActiveCfg = Debug|Any CPU
		{5F817400-1A3A-48DF-98A6-E7E5A3DC762F}.Debug|Any CPU.Build.0 = Debug|Any CPU
		{5F817400-1A3A-48DF-98A6-E7E5A3DC762F}.Release|Any CPU.ActiveCfg = Release|Any CPU
		{5F817400-1A3A-48DF-98A6-E7E5A3DC762F}.Release|Any CPU.Build.0 = Release|Any CPU
		{5B8FFF01-1E0B-477D-9D7F-93016C128B23}.Debug|Any CPU.ActiveCfg = Debug|Any CPU
		{5B8FFF01-1E0B-477D-9D7F-93016C128B23}.Debug|Any CPU.Build.0 = Debug|Any CPU
		{5B8FFF01-1E0B-477D-9D7F-93016C128B23}.Release|Any CPU.ActiveCfg = Release|Any CPU
		{5B8FFF01-1E0B-477D-9D7F-93016C128B23}.Release|Any CPU.Build.0 = Release|Any CPU
		{0127B6CA-1B79-46A6-8307-B36836D107F0}.Debug|Any CPU.ActiveCfg = Debug|Any CPU
		{0127B6CA-1B79-46A6-8307-B36836D107F0}.Debug|Any CPU.Build.0 = Debug|Any CPU
		{0127B6CA-1B79-46A6-8307-B36836D107F0}.Release|Any CPU.ActiveCfg = Release|Any CPU
		{0127B6CA-1B79-46A6-8307-B36836D107F0}.Release|Any CPU.Build.0 = Release|Any CPU
		{455EC1EF-134F-4CD4-9C78-E813E4E6D8F6}.Debug|Any CPU.ActiveCfg = Debug|Any CPU
		{455EC1EF-134F-4CD4-9C78-E813E4E6D8F6}.Debug|Any CPU.Build.0 = Debug|Any CPU
		{455EC1EF-134F-4CD4-9C78-E813E4E6D8F6}.Release|Any CPU.ActiveCfg = Release|Any CPU
		{455EC1EF-134F-4CD4-9C78-E813E4E6D8F6}.Release|Any CPU.Build.0 = Release|Any CPU
		{31A628F0-4FF4-4059-BF42-242C075F7821}.Debug|Any CPU.ActiveCfg = Debug|Any CPU
		{31A628F0-4FF4-4059-BF42-242C075F7821}.Debug|Any CPU.Build.0 = Debug|Any CPU
		{31A628F0-4FF4-4059-BF42-242C075F7821}.Release|Any CPU.ActiveCfg = Release|Any CPU
		{31A628F0-4FF4-4059-BF42-242C075F7821}.Release|Any CPU.Build.0 = Release|Any CPU
		{7D3A8DE2-6E10-4EE2-98DB-7A5829F93449}.Debug|Any CPU.ActiveCfg = Debug|Any CPU
		{7D3A8DE2-6E10-4EE2-98DB-7A5829F93449}.Debug|Any CPU.Build.0 = Debug|Any CPU
		{7D3A8DE2-6E10-4EE2-98DB-7A5829F93449}.Release|Any CPU.ActiveCfg = Release|Any CPU
		{7D3A8DE2-6E10-4EE2-98DB-7A5829F93449}.Release|Any CPU.Build.0 = Release|Any CPU
		{8CBA1D12-2BEF-4E87-90E7-8C6E3A77D391}.Debug|Any CPU.ActiveCfg = Debug|Any CPU
		{8CBA1D12-2BEF-4E87-90E7-8C6E3A77D391}.Debug|Any CPU.Build.0 = Debug|Any CPU
		{8CBA1D12-2BEF-4E87-90E7-8C6E3A77D391}.Release|Any CPU.ActiveCfg = Release|Any CPU
		{8CBA1D12-2BEF-4E87-90E7-8C6E3A77D391}.Release|Any CPU.Build.0 = Release|Any CPU
		{00F6FB86-0B89-466B-B43A-6A5289EA8BC6}.Debug|Any CPU.ActiveCfg = Debug|Any CPU
		{00F6FB86-0B89-466B-B43A-6A5289EA8BC6}.Debug|Any CPU.Build.0 = Debug|Any CPU
		{00F6FB86-0B89-466B-B43A-6A5289EA8BC6}.Release|Any CPU.ActiveCfg = Release|Any CPU
		{00F6FB86-0B89-466B-B43A-6A5289EA8BC6}.Release|Any CPU.Build.0 = Release|Any CPU
		{A2D0C3F4-5597-4E87-A8F4-8222DDCFCD3C}.Debug|Any CPU.ActiveCfg = Debug|Any CPU
		{A2D0C3F4-5597-4E87-A8F4-8222DDCFCD3C}.Debug|Any CPU.Build.0 = Debug|Any CPU
		{A2D0C3F4-5597-4E87-A8F4-8222DDCFCD3C}.Release|Any CPU.ActiveCfg = Release|Any CPU
		{A2D0C3F4-5597-4E87-A8F4-8222DDCFCD3C}.Release|Any CPU.Build.0 = Release|Any CPU
		{C5BC6E18-BB7E-4526-A47A-39F0E226DBAC}.Debug|Any CPU.ActiveCfg = Debug|Any CPU
		{C5BC6E18-BB7E-4526-A47A-39F0E226DBAC}.Debug|Any CPU.Build.0 = Debug|Any CPU
		{C5BC6E18-BB7E-4526-A47A-39F0E226DBAC}.Release|Any CPU.ActiveCfg = Release|Any CPU
		{C5BC6E18-BB7E-4526-A47A-39F0E226DBAC}.Release|Any CPU.Build.0 = Release|Any CPU
		{8B4EDDA7-CDDE-40E5-BF0B-0E35DBDA9F10}.Debug|Any CPU.ActiveCfg = Debug|Any CPU
		{8B4EDDA7-CDDE-40E5-BF0B-0E35DBDA9F10}.Debug|Any CPU.Build.0 = Debug|Any CPU
		{8B4EDDA7-CDDE-40E5-BF0B-0E35DBDA9F10}.Release|Any CPU.ActiveCfg = Release|Any CPU
		{8B4EDDA7-CDDE-40E5-BF0B-0E35DBDA9F10}.Release|Any CPU.Build.0 = Release|Any CPU
		{54DC233C-5D77-4183-804A-CEA44A19135F}.Debug|Any CPU.ActiveCfg = Debug|Any CPU
		{54DC233C-5D77-4183-804A-CEA44A19135F}.Debug|Any CPU.Build.0 = Debug|Any CPU
		{54DC233C-5D77-4183-804A-CEA44A19135F}.Release|Any CPU.ActiveCfg = Release|Any CPU
		{54DC233C-5D77-4183-804A-CEA44A19135F}.Release|Any CPU.Build.0 = Release|Any CPU
		{C915254D-C791-4EF3-A856-2B1B8D7BB99E}.Debug|Any CPU.ActiveCfg = Debug|Any CPU
		{C915254D-C791-4EF3-A856-2B1B8D7BB99E}.Debug|Any CPU.Build.0 = Debug|Any CPU
		{C915254D-C791-4EF3-A856-2B1B8D7BB99E}.Release|Any CPU.ActiveCfg = Release|Any CPU
		{C915254D-C791-4EF3-A856-2B1B8D7BB99E}.Release|Any CPU.Build.0 = Release|Any CPU
		{1CCDF4D1-2FB4-4A86-890F-25401836017D}.Debug|Any CPU.ActiveCfg = Debug|Any CPU
		{1CCDF4D1-2FB4-4A86-890F-25401836017D}.Debug|Any CPU.Build.0 = Debug|Any CPU
		{1CCDF4D1-2FB4-4A86-890F-25401836017D}.Release|Any CPU.ActiveCfg = Release|Any CPU
		{1CCDF4D1-2FB4-4A86-890F-25401836017D}.Release|Any CPU.Build.0 = Release|Any CPU
	EndGlobalSection
	GlobalSection(SolutionProperties) = preSolution
		HideSolutionNode = FALSE
	EndGlobalSection
	GlobalSection(NestedProjects) = preSolution
		{31A628F0-4FF4-4059-BF42-242C075F7821} = {4C3C8170-9BC2-47CC-AF2D-219DBF99EEF2}
		{7D3A8DE2-6E10-4EE2-98DB-7A5829F93449} = {4C3C8170-9BC2-47CC-AF2D-219DBF99EEF2}
		{8CBA1D12-2BEF-4E87-90E7-8C6E3A77D391} = {4C3C8170-9BC2-47CC-AF2D-219DBF99EEF2}
		{00F6FB86-0B89-466B-B43A-6A5289EA8BC6} = {4C3C8170-9BC2-47CC-AF2D-219DBF99EEF2}
		{A2D0C3F4-5597-4E87-A8F4-8222DDCFCD3C} = {4C3C8170-9BC2-47CC-AF2D-219DBF99EEF2}
		{C5BC6E18-BB7E-4526-A47A-39F0E226DBAC} = {4C3C8170-9BC2-47CC-AF2D-219DBF99EEF2}
		{8B4EDDA7-CDDE-40E5-BF0B-0E35DBDA9F10} = {4C3C8170-9BC2-47CC-AF2D-219DBF99EEF2}
		{54DC233C-5D77-4183-804A-CEA44A19135F} = {4C3C8170-9BC2-47CC-AF2D-219DBF99EEF2}
		{C915254D-C791-4EF3-A856-2B1B8D7BB99E} = {4C3C8170-9BC2-47CC-AF2D-219DBF99EEF2}
		{1CCDF4D1-2FB4-4A86-890F-25401836017D} = {4C3C8170-9BC2-47CC-AF2D-219DBF99EEF2}
	EndGlobalSection
	GlobalSection(ExtensibilityGlobals) = postSolution
		SolutionGuid = {02854F2A-8EF4-468E-80A3-CD64BBAF5D15}
	EndGlobalSection
EndGlobal
